
Microsoft Visual Studio Solution File, Format Version 12.00
# Visual Studio Version 17
VisualStudioVersion = 17.6.33815.320
MinimumVisualStudioVersion = 10.0.40219.1
Project("{FAE04EC0-301F-11D3-BF4B-00C04F79EFBC}") = "WebApplication7", "WebApplication7\WebApplication7.csproj", "{2CBE810F-3D19-4F8C-A082-05EEE0EE9C6A}"
EndProject
Global
	GlobalSection(SolutionConfigurationPlatforms) = preSolution
		Debug|Any CPU = Debug|Any CPU
		Release|Any CPU = Release|Any CPU
	EndGlobalSection
	GlobalSection(ProjectConfigurationPlatforms) = postSolution
		{2CBE810F-3D19-4F8C-A082-05EEE0EE9C6A}.Debug|Any CPU.ActiveCfg = Debug|Any CPU
		{2CBE810F-3D19-4F8C-A082-05EEE0EE9C6A}.Debug|Any CPU.Build.0 = Debug|Any CPU
		{2CBE810F-3D19-4F8C-A082-05EEE0EE9C6A}.Release|Any CPU.ActiveCfg = Release|Any CPU
		{2CBE810F-3D19-4F8C-A082-05EEE0EE9C6A}.Release|Any CPU.Build.0 = Release|Any CPU
	EndGlobalSection
	GlobalSection(SolutionProperties) = preSolution
		HideSolutionNode = FALSE
	EndGlobalSection
	GlobalSection(ExtensibilityGlobals) = postSolution
		SolutionGuid = {38DF5402-F676-4784-A2CF-51F356ECA130}
	EndGlobalSection
EndGlobal
